
Microsoft Visual Studio Solution File, Format Version 12.00
# Visual Studio Version 17
VisualStudioVersion = 17.14.36109.1 d17.14
MinimumVisualStudioVersion = 10.0.40219.1
Project("{FAE04EC0-301F-11D3-BF4B-00C04F79EFBC}") = "ConsoleDbApp", "ConsoleDbApp\ConsoleDbApp.csproj", "{0049BAF0-80C9-4479-A06A-F1363F104006}"
EndProject
Global
	GlobalSection(SolutionConfigurationPlatforms) = preSolution
		Debug|Any CPU = Debug|Any CPU
		Release|Any CPU = Release|Any CPU
	EndGlobalSection
	GlobalSection(ProjectConfigurationPlatforms) = postSolution
		{0049BAF0-80C9-4479-A06A-F1363F104006}.Debug|Any CPU.ActiveCfg = Debug|Any CPU
		{0049BAF0-80C9-4479-A06A-F1363F104006}.Debug|Any CPU.Build.0 = Debug|Any CPU
		{0049BAF0-80C9-4479-A06A-F1363F104006}.Release|Any CPU.ActiveCfg = Release|Any CPU
		{0049BAF0-80C9-4479-A06A-F1363F104006}.Release|Any CPU.Build.0 = Release|Any CPU
	EndGlobalSection
	GlobalSection(SolutionProperties) = preSolution
		HideSolutionNode = FALSE
	EndGlobalSection
	GlobalSection(ExtensibilityGlobals) = postSolution
		SolutionGuid = {4633ACE7-94BA-464B-AC00-DEE3E8CBFF6B}
	EndGlobalSection
EndGlobal
